
Microsoft Visual Studio Solution File, Format Version 11.00
# Visual Studio 2010
Project("{FAE04EC0-301F-11D3-BF4B-00C04F79EFBC}") = "Server", "Server\Server.csproj", "{BCFD2912-A855-405F-ACE3-2D0A5B024AE2}"
EndProject
Project("{FAE04EC0-301F-11D3-BF4B-00C04F79EFBC}") = "TestSocket", "TestSocket\TestSocket.csproj", "{BB7BB6D3-5F59-43A5-BA00-7C966F444A6C}"
EndProject
Project("{FAE04EC0-301F-11D3-BF4B-00C04F79EFBC}") = "WhistServer", "WhistServer\WhistServer.csproj", "{15BE1DC0-A343-4E88-AC34-2CD748097358}"
EndProject
Project("{FAE04EC0-301F-11D3-BF4B-00C04F79EFBC}") = "TestClient", "TestClient\TestClient.csproj", "{418E37AF-6439-4ADE-924E-C7A4B2E902EF}"
	ProjectSection(ProjectDependencies) = postProject
		{BCFD2912-A855-405F-ACE3-2D0A5B024AE2} = {BCFD2912-A855-405F-ACE3-2D0A5B024AE2}
		{63BDFD7C-355A-4028-BF7B-658F8F6602E7} = {63BDFD7C-355A-4028-BF7B-658F8F6602E7}
	EndProjectSection
EndProject
Project("{FAE04EC0-301F-11D3-BF4B-00C04F79EFBC}") = "TestClientConsole", "TestClientConsole\TestClientConsole.csproj", "{DA399C1C-8A19-4050-AFC7-3844FF250D65}"
EndProject
Project("{FAE04EC0-301F-11D3-BF4B-00C04F79EFBC}") = "WCFServer", "WCFServer\WCFServer.csproj", "{F88821A2-CC46-469F-9898-6660C4E2776D}"
EndProject
Project("{FAE04EC0-301F-11D3-BF4B-00C04F79EFBC}") = "WCFTester", "WCFTester\WCFTester.csproj", "{8AD1F1F2-3EFD-4EFB-8C5D-ED942C6957DA}"
EndProject
Project("{FAE04EC0-301F-11D3-BF4B-00C04F79EFBC}") = "API", "API\API.csproj", "{84079F75-1450-465B-A46F-EAABD91046B6}"
EndProject
Project("{FAE04EC0-301F-11D3-BF4B-00C04F79EFBC}") = "WhistServerWCF", "WhistServerWCF\WhistServerWCF.csproj", "{63BDFD7C-355A-4028-BF7B-658F8F6602E7}"
EndProject
Project("{FAE04EC0-301F-11D3-BF4B-00C04F79EFBC}") = "PlugIns", "PlugIn\PlugIns.csproj", "{DF00A4AC-52EC-487D-B602-458332D29586}"
EndProject
Project("{FAE04EC0-301F-11D3-BF4B-00C04F79EFBC}") = "WhistClient", "WhistClient\WhistClient.csproj", "{90A3F180-7E35-47A0-AF4F-44A094618E3F}"
	ProjectSection(ProjectDependencies) = postProject
		{BCFD2912-A855-405F-ACE3-2D0A5B024AE2} = {BCFD2912-A855-405F-ACE3-2D0A5B024AE2}
	EndProjectSection
EndProject
Global
	GlobalSection(SolutionConfigurationPlatforms) = preSolution
		Debug|Any CPU = Debug|Any CPU
		Debug|Mixed Platforms = Debug|Mixed Platforms
		Debug|x86 = Debug|x86
		Release|Any CPU = Release|Any CPU
		Release|Mixed Platforms = Release|Mixed Platforms
		Release|x86 = Release|x86
	EndGlobalSection
	GlobalSection(ProjectConfigurationPlatforms) = postSolution
		{BCFD2912-A855-405F-ACE3-2D0A5B024AE2}.Debug|Any CPU.ActiveCfg = Debug|Any CPU
		{BCFD2912-A855-405F-ACE3-2D0A5B024AE2}.Debug|Any CPU.Build.0 = Debug|Any CPU
		{BCFD2912-A855-405F-ACE3-2D0A5B024AE2}.Debug|Mixed Platforms.ActiveCfg = Debug|Any CPU
		{BCFD2912-A855-405F-ACE3-2D0A5B024AE2}.Debug|Mixed Platforms.Build.0 = Debug|Any CPU
		{BCFD2912-A855-405F-ACE3-2D0A5B024AE2}.Debug|x86.ActiveCfg = Debug|Any CPU
		{BCFD2912-A855-405F-ACE3-2D0A5B024AE2}.Release|Any CPU.ActiveCfg = Release|Any CPU
		{BCFD2912-A855-405F-ACE3-2D0A5B024AE2}.Release|Any CPU.Build.0 = Release|Any CPU
		{BCFD2912-A855-405F-ACE3-2D0A5B024AE2}.Release|Mixed Platforms.ActiveCfg = Release|Any CPU
		{BCFD2912-A855-405F-ACE3-2D0A5B024AE2}.Release|Mixed Platforms.Build.0 = Release|Any CPU
		{BCFD2912-A855-405F-ACE3-2D0A5B024AE2}.Release|x86.ActiveCfg = Release|Any CPU
		{BB7BB6D3-5F59-43A5-BA00-7C966F444A6C}.Debug|Any CPU.ActiveCfg = Debug|Any CPU
		{BB7BB6D3-5F59-43A5-BA00-7C966F444A6C}.Debug|Any CPU.Build.0 = Debug|Any CPU
		{BB7BB6D3-5F59-43A5-BA00-7C966F444A6C}.Debug|Mixed Platforms.ActiveCfg = Debug|Any CPU
		{BB7BB6D3-5F59-43A5-BA00-7C966F444A6C}.Debug|Mixed Platforms.Build.0 = Debug|Any CPU
		{BB7BB6D3-5F59-43A5-BA00-7C966F444A6C}.Debug|x86.ActiveCfg = Debug|Any CPU
		{BB7BB6D3-5F59-43A5-BA00-7C966F444A6C}.Release|Any CPU.ActiveCfg = Release|Any CPU
		{BB7BB6D3-5F59-43A5-BA00-7C966F444A6C}.Release|Any CPU.Build.0 = Release|Any CPU
		{BB7BB6D3-5F59-43A5-BA00-7C966F444A6C}.Release|Mixed Platforms.ActiveCfg = Release|Any CPU
		{BB7BB6D3-5F59-43A5-BA00-7C966F444A6C}.Release|Mixed Platforms.Build.0 = Release|Any CPU
		{BB7BB6D3-5F59-43A5-BA00-7C966F444A6C}.Release|x86.ActiveCfg = Release|Any CPU
		{15BE1DC0-A343-4E88-AC34-2CD748097358}.Debug|Any CPU.ActiveCfg = Debug|x86
		{15BE1DC0-A343-4E88-AC34-2CD748097358}.Debug|Mixed Platforms.ActiveCfg = Debug|x86
		{15BE1DC0-A343-4E88-AC34-2CD748097358}.Debug|Mixed Platforms.Build.0 = Debug|x86
		{15BE1DC0-A343-4E88-AC34-2CD748097358}.Debug|x86.ActiveCfg = Debug|x86
		{15BE1DC0-A343-4E88-AC34-2CD748097358}.Debug|x86.Build.0 = Debug|x86
		{15BE1DC0-A343-4E88-AC34-2CD748097358}.Release|Any CPU.ActiveCfg = Release|x86
		{15BE1DC0-A343-4E88-AC34-2CD748097358}.Release|Mixed Platforms.ActiveCfg = Release|x86
		{15BE1DC0-A343-4E88-AC34-2CD748097358}.Release|Mixed Platforms.Build.0 = Release|x86
		{15BE1DC0-A343-4E88-AC34-2CD748097358}.Release|x86.ActiveCfg = Release|x86
		{15BE1DC0-A343-4E88-AC34-2CD748097358}.Release|x86.Build.0 = Release|x86
		{418E37AF-6439-4ADE-924E-C7A4B2E902EF}.Debug|Any CPU.ActiveCfg = Debug|Any CPU
		{418E37AF-6439-4ADE-924E-C7A4B2E902EF}.Debug|Any CPU.Build.0 = Debug|Any CPU
		{418E37AF-6439-4ADE-924E-C7A4B2E902EF}.Debug|Mixed Platforms.ActiveCfg = Debug|Any CPU
		{418E37AF-6439-4ADE-924E-C7A4B2E902EF}.Debug|Mixed Platforms.Build.0 = Debug|Any CPU
		{418E37AF-6439-4ADE-924E-C7A4B2E902EF}.Debug|x86.ActiveCfg = Debug|Any CPU
		{418E37AF-6439-4ADE-924E-C7A4B2E902EF}.Release|Any CPU.ActiveCfg = Release|Any CPU
		{418E37AF-6439-4ADE-924E-C7A4B2E902EF}.Release|Any CPU.Build.0 = Release|Any CPU
		{418E37AF-6439-4ADE-924E-C7A4B2E902EF}.Release|Mixed Platforms.ActiveCfg = Release|Any CPU
		{418E37AF-6439-4ADE-924E-C7A4B2E902EF}.Release|Mixed Platforms.Build.0 = Release|Any CPU
		{418E37AF-6439-4ADE-924E-C7A4B2E902EF}.Release|x86.ActiveCfg = Release|Any CPU
		{DA399C1C-8A19-4050-AFC7-3844FF250D65}.Debug|Any CPU.ActiveCfg = Debug|x86
		{DA399C1C-8A19-4050-AFC7-3844FF250D65}.Debug|Mixed Platforms.ActiveCfg = Debug|x86
		{DA399C1C-8A19-4050-AFC7-3844FF250D65}.Debug|Mixed Platforms.Build.0 = Debug|x86
		{DA399C1C-8A19-4050-AFC7-3844FF250D65}.Debug|x86.ActiveCfg = Debug|x86
		{DA399C1C-8A19-4050-AFC7-3844FF250D65}.Debug|x86.Build.0 = Debug|x86
		{DA399C1C-8A19-4050-AFC7-3844FF250D65}.Release|Any CPU.ActiveCfg = Release|x86
		{DA399C1C-8A19-4050-AFC7-3844FF250D65}.Release|Mixed Platforms.ActiveCfg = Release|x86
		{DA399C1C-8A19-4050-AFC7-3844FF250D65}.Release|Mixed Platforms.Build.0 = Release|x86
		{DA399C1C-8A19-4050-AFC7-3844FF250D65}.Release|x86.ActiveCfg = Release|x86
		{DA399C1C-8A19-4050-AFC7-3844FF250D65}.Release|x86.Build.0 = Release|x86
		{F88821A2-CC46-469F-9898-6660C4E2776D}.Debug|Any CPU.ActiveCfg = Debug|Any CPU
		{F88821A2-CC46-469F-9898-6660C4E2776D}.Debug|Any CPU.Build.0 = Debug|Any CPU
		{F88821A2-CC46-469F-9898-6660C4E2776D}.Debug|Mixed Platforms.ActiveCfg = Debug|Any CPU
		{F88821A2-CC46-469F-9898-6660C4E2776D}.Debug|Mixed Platforms.Build.0 = Debug|Any CPU
		{F88821A2-CC46-469F-9898-6660C4E2776D}.Debug|x86.ActiveCfg = Debug|Any CPU
		{F88821A2-CC46-469F-9898-6660C4E2776D}.Release|Any CPU.ActiveCfg = Release|Any CPU
		{F88821A2-CC46-469F-9898-6660C4E2776D}.Release|Any CPU.Build.0 = Release|Any CPU
		{F88821A2-CC46-469F-9898-6660C4E2776D}.Release|Mixed Platforms.ActiveCfg = Release|Any CPU
		{F88821A2-CC46-469F-9898-6660C4E2776D}.Release|Mixed Platforms.Build.0 = Release|Any CPU
		{F88821A2-CC46-469F-9898-6660C4E2776D}.Release|x86.ActiveCfg = Release|Any CPU
		{8AD1F1F2-3EFD-4EFB-8C5D-ED942C6957DA}.Debug|Any CPU.ActiveCfg = Debug|x86
		{8AD1F1F2-3EFD-4EFB-8C5D-ED942C6957DA}.Debug|Mixed Platforms.ActiveCfg = Debug|x86
		{8AD1F1F2-3EFD-4EFB-8C5D-ED942C6957DA}.Debug|Mixed Platforms.Build.0 = Debug|x86
		{8AD1F1F2-3EFD-4EFB-8C5D-ED942C6957DA}.Debug|x86.ActiveCfg = Debug|x86
		{8AD1F1F2-3EFD-4EFB-8C5D-ED942C6957DA}.Debug|x86.Build.0 = Debug|x86
		{8AD1F1F2-3EFD-4EFB-8C5D-ED942C6957DA}.Release|Any CPU.ActiveCfg = Release|x86
		{8AD1F1F2-3EFD-4EFB-8C5D-ED942C6957DA}.Release|Mixed Platforms.ActiveCfg = Release|x86
		{8AD1F1F2-3EFD-4EFB-8C5D-ED942C6957DA}.Release|Mixed Platforms.Build.0 = Release|x86
		{8AD1F1F2-3EFD-4EFB-8C5D-ED942C6957DA}.Release|x86.ActiveCfg = Release|x86
		{8AD1F1F2-3EFD-4EFB-8C5D-ED942C6957DA}.Release|x86.Build.0 = Release|x86
		{84079F75-1450-465B-A46F-EAABD91046B6}.Debug|Any CPU.ActiveCfg = Debug|Any CPU
		{84079F75-1450-465B-A46F-EAABD91046B6}.Debug|Any CPU.Build.0 = Debug|Any CPU
		{84079F75-1450-465B-A46F-EAABD91046B6}.Debug|Mixed Platforms.ActiveCfg = Debug|Any CPU
		{84079F75-1450-465B-A46F-EAABD91046B6}.Debug|Mixed Platforms.Build.0 = Debug|Any CPU
		{84079F75-1450-465B-A46F-EAABD91046B6}.Debug|x86.ActiveCfg = Debug|Any CPU
		{84079F75-1450-465B-A46F-EAABD91046B6}.Release|Any CPU.ActiveCfg = Release|Any CPU
		{84079F75-1450-465B-A46F-EAABD91046B6}.Release|Any CPU.Build.0 = Release|Any CPU
		{84079F75-1450-465B-A46F-EAABD91046B6}.Release|Mixed Platforms.ActiveCfg = Release|Any CPU
		{84079F75-1450-465B-A46F-EAABD91046B6}.Release|Mixed Platforms.Build.0 = Release|Any CPU
		{84079F75-1450-465B-A46F-EAABD91046B6}.Release|x86.ActiveCfg = Release|Any CPU
		{63BDFD7C-355A-4028-BF7B-658F8F6602E7}.Debug|Any CPU.ActiveCfg = Debug|Any CPU
		{63BDFD7C-355A-4028-BF7B-658F8F6602E7}.Debug|Any CPU.Build.0 = Debug|Any CPU
		{63BDFD7C-355A-4028-BF7B-658F8F6602E7}.Debug|Mixed Platforms.ActiveCfg = Debug|Any CPU
		{63BDFD7C-355A-4028-BF7B-658F8F6602E7}.Debug|Mixed Platforms.Build.0 = Debug|Any CPU
		{63BDFD7C-355A-4028-BF7B-658F8F6602E7}.Debug|x86.ActiveCfg = Debug|Any CPU
		{63BDFD7C-355A-4028-BF7B-658F8F6602E7}.Release|Any CPU.ActiveCfg = Release|Any CPU
		{63BDFD7C-355A-4028-BF7B-658F8F6602E7}.Release|Any CPU.Build.0 = Release|Any CPU
		{63BDFD7C-355A-4028-BF7B-658F8F6602E7}.Release|Mixed Platforms.ActiveCfg = Release|Any CPU
		{63BDFD7C-355A-4028-BF7B-658F8F6602E7}.Release|Mixed Platforms.Build.0 = Release|Any CPU
		{63BDFD7C-355A-4028-BF7B-658F8F6602E7}.Release|x86.ActiveCfg = Release|Any CPU
		{DF00A4AC-52EC-487D-B602-458332D29586}.Debug|Any CPU.ActiveCfg = Debug|Any CPU
		{DF00A4AC-52EC-487D-B602-458332D29586}.Debug|Any CPU.Build.0 = Debug|Any CPU
		{DF00A4AC-52EC-487D-B602-458332D29586}.Debug|Mixed Platforms.ActiveCfg = Debug|Any CPU
		{DF00A4AC-52EC-487D-B602-458332D29586}.Debug|Mixed Platforms.Build.0 = Debug|Any CPU
		{DF00A4AC-52EC-487D-B602-458332D29586}.Debug|x86.ActiveCfg = Debug|Any CPU
		{DF00A4AC-52EC-487D-B602-458332D29586}.Release|Any CPU.ActiveCfg = Release|Any CPU
		{DF00A4AC-52EC-487D-B602-458332D29586}.Release|Any CPU.Build.0 = Release|Any CPU
		{DF00A4AC-52EC-487D-B602-458332D29586}.Release|Mixed Platforms.ActiveCfg = Release|Any CPU
		{DF00A4AC-52EC-487D-B602-458332D29586}.Release|Mixed Platforms.Build.0 = Release|Any CPU
		{DF00A4AC-52EC-487D-B602-458332D29586}.Release|x86.ActiveCfg = Release|Any CPU
		{90A3F180-7E35-47A0-AF4F-44A094618E3F}.Debug|Any CPU.ActiveCfg = Debug|Any CPU
		{90A3F180-7E35-47A0-AF4F-44A094618E3F}.Debug|Any CPU.Build.0 = Debug|Any CPU
		{90A3F180-7E35-47A0-AF4F-44A094618E3F}.Debug|Mixed Platforms.ActiveCfg = Debug|Any CPU
		{90A3F180-7E35-47A0-AF4F-44A094618E3F}.Debug|Mixed Platforms.Build.0 = Debug|Any CPU
		{90A3F180-7E35-47A0-AF4F-44A094618E3F}.Debug|x86.ActiveCfg = Debug|Any CPU
		{90A3F180-7E35-47A0-AF4F-44A094618E3F}.Release|Any CPU.ActiveCfg = Release|Any CPU
		{90A3F180-7E35-47A0-AF4F-44A094618E3F}.Release|Any CPU.Build.0 = Release|Any CPU
		{90A3F180-7E35-47A0-AF4F-44A094618E3F}.Release|Mixed Platforms.ActiveCfg = Release|Any CPU
		{90A3F180-7E35-47A0-AF4F-44A094618E3F}.Release|Mixed Platforms.Build.0 = Release|Any CPU
		{90A3F180-7E35-47A0-AF4F-44A094618E3F}.Release|x86.ActiveCfg = Release|Any CPU
	EndGlobalSection
	GlobalSection(SolutionProperties) = preSolution
		HideSolutionNode = FALSE
	EndGlobalSection
EndGlobal
