
Microsoft Visual Studio Solution File, Format Version 11.00
# Visual Studio 2010
Project("{FAE04EC0-301F-11D3-BF4B-00C04F79EFBC}") = "Server", "Server\Server.csproj", "{BCFD2912-A855-405F-ACE3-2D0A5B024AE2}"
EndProject
Project("{FAE04EC0-301F-11D3-BF4B-00C04F79EFBC}") = "WebClient", "TestClient\WebClient.csproj", "{418E37AF-6439-4ADE-924E-C7A4B2E902EF}"
	ProjectSection(ProjectDependencies) = postProject
		{BCFD2912-A855-405F-ACE3-2D0A5B024AE2} = {BCFD2912-A855-405F-ACE3-2D0A5B024AE2}
	EndProjectSection
EndProject
Project("{FAE04EC0-301F-11D3-BF4B-00C04F79EFBC}") = "API", "API\API.csproj", "{84079F75-1450-465B-A46F-EAABD91046B6}"
EndProject
Project("{FAE04EC0-301F-11D3-BF4B-00C04F79EFBC}") = "PlugIns", "PlugIn\PlugIns.csproj", "{DF00A4AC-52EC-487D-B602-458332D29586}"
EndProject
Project("{FAE04EC0-301F-11D3-BF4B-00C04F79EFBC}") = "Core", "Core\Core.csproj", "{A987C06D-2586-48EC-8E6D-6CBD2D4331F8}"
EndProject
Project("{FAE04EC0-301F-11D3-BF4B-00C04F79EFBC}") = "WindowsClient", "WindowsClient\WindowsClient.csproj", "{F90B5785-AD30-4D4E-BB0A-0D8C8DA835B1}"
EndProject
Project("{FAE04EC0-301F-11D3-BF4B-00C04F79EFBC}") = "FacebookAPI", "..\..\facebook-csharp-sdk-52cf249\facebook\FacebookAPI.csproj", "{1F538275-4C0C-4983-8D92-BFF2AA0E5FC1}"
EndProject
Project("{FAE04EC0-301F-11D3-BF4B-00C04F79EFBC}") = "AccountCenter", "AccountCenter\AccountCenter.csproj", "{1D41A38D-852E-4040-A8DA-7C1312FADC5B}"
EndProject
Global
	GlobalSection(SolutionConfigurationPlatforms) = preSolution
		Debug|Any CPU = Debug|Any CPU
		Debug|Mixed Platforms = Debug|Mixed Platforms
		Debug|x86 = Debug|x86
		Release|Any CPU = Release|Any CPU
		Release|Mixed Platforms = Release|Mixed Platforms
		Release|x86 = Release|x86
	EndGlobalSection
	GlobalSection(ProjectConfigurationPlatforms) = postSolution
		{BCFD2912-A855-405F-ACE3-2D0A5B024AE2}.Debug|Any CPU.ActiveCfg = Debug|Any CPU
		{BCFD2912-A855-405F-ACE3-2D0A5B024AE2}.Debug|Any CPU.Build.0 = Debug|Any CPU
		{BCFD2912-A855-405F-ACE3-2D0A5B024AE2}.Debug|Mixed Platforms.ActiveCfg = Debug|Any CPU
		{BCFD2912-A855-405F-ACE3-2D0A5B024AE2}.Debug|Mixed Platforms.Build.0 = Debug|Any CPU
		{BCFD2912-A855-405F-ACE3-2D0A5B024AE2}.Debug|x86.ActiveCfg = Debug|Any CPU
		{BCFD2912-A855-405F-ACE3-2D0A5B024AE2}.Release|Any CPU.ActiveCfg = Release|Any CPU
		{BCFD2912-A855-405F-ACE3-2D0A5B024AE2}.Release|Any CPU.Build.0 = Release|Any CPU
		{BCFD2912-A855-405F-ACE3-2D0A5B024AE2}.Release|Mixed Platforms.ActiveCfg = Release|Any CPU
		{BCFD2912-A855-405F-ACE3-2D0A5B024AE2}.Release|Mixed Platforms.Build.0 = Release|Any CPU
		{BCFD2912-A855-405F-ACE3-2D0A5B024AE2}.Release|x86.ActiveCfg = Release|Any CPU
		{418E37AF-6439-4ADE-924E-C7A4B2E902EF}.Debug|Any CPU.ActiveCfg = Debug|Any CPU
		{418E37AF-6439-4ADE-924E-C7A4B2E902EF}.Debug|Any CPU.Build.0 = Debug|Any CPU
		{418E37AF-6439-4ADE-924E-C7A4B2E902EF}.Debug|Mixed Platforms.ActiveCfg = Debug|Any CPU
		{418E37AF-6439-4ADE-924E-C7A4B2E902EF}.Debug|Mixed Platforms.Build.0 = Debug|Any CPU
		{418E37AF-6439-4ADE-924E-C7A4B2E902EF}.Debug|x86.ActiveCfg = Debug|Any CPU
		{418E37AF-6439-4ADE-924E-C7A4B2E902EF}.Release|Any CPU.ActiveCfg = Release|Any CPU
		{418E37AF-6439-4ADE-924E-C7A4B2E902EF}.Release|Any CPU.Build.0 = Release|Any CPU
		{418E37AF-6439-4ADE-924E-C7A4B2E902EF}.Release|Mixed Platforms.ActiveCfg = Release|Any CPU
		{418E37AF-6439-4ADE-924E-C7A4B2E902EF}.Release|Mixed Platforms.Build.0 = Release|Any CPU
		{418E37AF-6439-4ADE-924E-C7A4B2E902EF}.Release|x86.ActiveCfg = Release|Any CPU
		{84079F75-1450-465B-A46F-EAABD91046B6}.Debug|Any CPU.ActiveCfg = Debug|Any CPU
		{84079F75-1450-465B-A46F-EAABD91046B6}.Debug|Any CPU.Build.0 = Debug|Any CPU
		{84079F75-1450-465B-A46F-EAABD91046B6}.Debug|Mixed Platforms.ActiveCfg = Debug|Any CPU
		{84079F75-1450-465B-A46F-EAABD91046B6}.Debug|Mixed Platforms.Build.0 = Debug|Any CPU
		{84079F75-1450-465B-A46F-EAABD91046B6}.Debug|x86.ActiveCfg = Debug|Any CPU
		{84079F75-1450-465B-A46F-EAABD91046B6}.Release|Any CPU.ActiveCfg = Release|Any CPU
		{84079F75-1450-465B-A46F-EAABD91046B6}.Release|Any CPU.Build.0 = Release|Any CPU
		{84079F75-1450-465B-A46F-EAABD91046B6}.Release|Mixed Platforms.ActiveCfg = Release|Any CPU
		{84079F75-1450-465B-A46F-EAABD91046B6}.Release|Mixed Platforms.Build.0 = Release|Any CPU
		{84079F75-1450-465B-A46F-EAABD91046B6}.Release|x86.ActiveCfg = Release|Any CPU
		{DF00A4AC-52EC-487D-B602-458332D29586}.Debug|Any CPU.ActiveCfg = Debug|Any CPU
		{DF00A4AC-52EC-487D-B602-458332D29586}.Debug|Any CPU.Build.0 = Debug|Any CPU
		{DF00A4AC-52EC-487D-B602-458332D29586}.Debug|Mixed Platforms.ActiveCfg = Debug|Any CPU
		{DF00A4AC-52EC-487D-B602-458332D29586}.Debug|Mixed Platforms.Build.0 = Debug|Any CPU
		{DF00A4AC-52EC-487D-B602-458332D29586}.Debug|x86.ActiveCfg = Debug|Any CPU
		{DF00A4AC-52EC-487D-B602-458332D29586}.Release|Any CPU.ActiveCfg = Release|Any CPU
		{DF00A4AC-52EC-487D-B602-458332D29586}.Release|Any CPU.Build.0 = Release|Any CPU
		{DF00A4AC-52EC-487D-B602-458332D29586}.Release|Mixed Platforms.ActiveCfg = Release|Any CPU
		{DF00A4AC-52EC-487D-B602-458332D29586}.Release|Mixed Platforms.Build.0 = Release|Any CPU
		{DF00A4AC-52EC-487D-B602-458332D29586}.Release|x86.ActiveCfg = Release|Any CPU
		{A987C06D-2586-48EC-8E6D-6CBD2D4331F8}.Debug|Any CPU.ActiveCfg = Debug|Any CPU
		{A987C06D-2586-48EC-8E6D-6CBD2D4331F8}.Debug|Any CPU.Build.0 = Debug|Any CPU
		{A987C06D-2586-48EC-8E6D-6CBD2D4331F8}.Debug|Mixed Platforms.ActiveCfg = Debug|Any CPU
		{A987C06D-2586-48EC-8E6D-6CBD2D4331F8}.Debug|Mixed Platforms.Build.0 = Debug|Any CPU
		{A987C06D-2586-48EC-8E6D-6CBD2D4331F8}.Debug|x86.ActiveCfg = Debug|Any CPU
		{A987C06D-2586-48EC-8E6D-6CBD2D4331F8}.Release|Any CPU.ActiveCfg = Release|Any CPU
		{A987C06D-2586-48EC-8E6D-6CBD2D4331F8}.Release|Any CPU.Build.0 = Release|Any CPU
		{A987C06D-2586-48EC-8E6D-6CBD2D4331F8}.Release|Mixed Platforms.ActiveCfg = Release|Any CPU
		{A987C06D-2586-48EC-8E6D-6CBD2D4331F8}.Release|Mixed Platforms.Build.0 = Release|Any CPU
		{A987C06D-2586-48EC-8E6D-6CBD2D4331F8}.Release|x86.ActiveCfg = Release|Any CPU
		{F90B5785-AD30-4D4E-BB0A-0D8C8DA835B1}.Debug|Any CPU.ActiveCfg = Debug|x86
		{F90B5785-AD30-4D4E-BB0A-0D8C8DA835B1}.Debug|Mixed Platforms.ActiveCfg = Debug|x86
		{F90B5785-AD30-4D4E-BB0A-0D8C8DA835B1}.Debug|Mixed Platforms.Build.0 = Debug|x86
		{F90B5785-AD30-4D4E-BB0A-0D8C8DA835B1}.Debug|x86.ActiveCfg = Debug|x86
		{F90B5785-AD30-4D4E-BB0A-0D8C8DA835B1}.Debug|x86.Build.0 = Debug|x86
		{F90B5785-AD30-4D4E-BB0A-0D8C8DA835B1}.Release|Any CPU.ActiveCfg = Release|x86
		{F90B5785-AD30-4D4E-BB0A-0D8C8DA835B1}.Release|Mixed Platforms.ActiveCfg = Release|x86
		{F90B5785-AD30-4D4E-BB0A-0D8C8DA835B1}.Release|Mixed Platforms.Build.0 = Release|x86
		{F90B5785-AD30-4D4E-BB0A-0D8C8DA835B1}.Release|x86.ActiveCfg = Release|x86
		{F90B5785-AD30-4D4E-BB0A-0D8C8DA835B1}.Release|x86.Build.0 = Release|x86
		{1F538275-4C0C-4983-8D92-BFF2AA0E5FC1}.Debug|Any CPU.ActiveCfg = Debug|Any CPU
		{1F538275-4C0C-4983-8D92-BFF2AA0E5FC1}.Debug|Any CPU.Build.0 = Debug|Any CPU
		{1F538275-4C0C-4983-8D92-BFF2AA0E5FC1}.Debug|Mixed Platforms.ActiveCfg = Debug|Any CPU
		{1F538275-4C0C-4983-8D92-BFF2AA0E5FC1}.Debug|Mixed Platforms.Build.0 = Debug|Any CPU
		{1F538275-4C0C-4983-8D92-BFF2AA0E5FC1}.Debug|x86.ActiveCfg = Debug|Any CPU
		{1F538275-4C0C-4983-8D92-BFF2AA0E5FC1}.Release|Any CPU.ActiveCfg = Release|Any CPU
		{1F538275-4C0C-4983-8D92-BFF2AA0E5FC1}.Release|Any CPU.Build.0 = Release|Any CPU
		{1F538275-4C0C-4983-8D92-BFF2AA0E5FC1}.Release|Mixed Platforms.ActiveCfg = Release|Any CPU
		{1F538275-4C0C-4983-8D92-BFF2AA0E5FC1}.Release|Mixed Platforms.Build.0 = Release|Any CPU
		{1F538275-4C0C-4983-8D92-BFF2AA0E5FC1}.Release|x86.ActiveCfg = Release|Any CPU
		{1D41A38D-852E-4040-A8DA-7C1312FADC5B}.Debug|Any CPU.ActiveCfg = Debug|Any CPU
		{1D41A38D-852E-4040-A8DA-7C1312FADC5B}.Debug|Any CPU.Build.0 = Debug|Any CPU
		{1D41A38D-852E-4040-A8DA-7C1312FADC5B}.Debug|Mixed Platforms.ActiveCfg = Debug|Any CPU
		{1D41A38D-852E-4040-A8DA-7C1312FADC5B}.Debug|Mixed Platforms.Build.0 = Debug|Any CPU
		{1D41A38D-852E-4040-A8DA-7C1312FADC5B}.Debug|x86.ActiveCfg = Debug|Any CPU
		{1D41A38D-852E-4040-A8DA-7C1312FADC5B}.Release|Any CPU.ActiveCfg = Release|Any CPU
		{1D41A38D-852E-4040-A8DA-7C1312FADC5B}.Release|Any CPU.Build.0 = Release|Any CPU
		{1D41A38D-852E-4040-A8DA-7C1312FADC5B}.Release|Mixed Platforms.ActiveCfg = Release|Any CPU
		{1D41A38D-852E-4040-A8DA-7C1312FADC5B}.Release|Mixed Platforms.Build.0 = Release|Any CPU
		{1D41A38D-852E-4040-A8DA-7C1312FADC5B}.Release|x86.ActiveCfg = Release|Any CPU
	EndGlobalSection
	GlobalSection(SolutionProperties) = preSolution
		HideSolutionNode = FALSE
	EndGlobalSection
EndGlobal
